// !$*UTF8*$!
{
	archiveVersion = 1;
	classes = {
	};
	objectVersion = 55;
	objects = {

/* Begin PBXBuildFile section */
		45602A083EAC50310CB9B131 /* Pods_caats_app.framework in Frameworks */ = {isa = PBXBuildFile; fileRef = 784744C8FEC45DA53654C35A /* Pods_caats_app.framework */; };
		8A50DB5528AAE989001D792D /* MBProgressHUD in Frameworks */ = {isa = PBXBuildFile; productRef = 8A50DB5428AAE989001D792D /* MBProgressHUD */; };
		8A73553228A5AF6400678D21 /* AppDelegate.swift in Sources */ = {isa = PBXBuildFile; fileRef = 8A73553128A5AF6400678D21 /* AppDelegate.swift */; };
		8A73553428A5AF6400678D21 /* SceneDelegate.swift in Sources */ = {isa = PBXBuildFile; fileRef = 8A73553328A5AF6400678D21 /* SceneDelegate.swift */; };
		8A73553628A5AF6400678D21 /* WelcomeViewController.swift in Sources */ = {isa = PBXBuildFile; fileRef = 8A73553528A5AF6400678D21 /* WelcomeViewController.swift */; };
		8A73553928A5AF6400678D21 /* Main.storyboard in Resources */ = {isa = PBXBuildFile; fileRef = 8A73553728A5AF6400678D21 /* Main.storyboard */; };
		8A73553B28A5AF6500678D21 /* Assets.xcassets in Resources */ = {isa = PBXBuildFile; fileRef = 8A73553A28A5AF6500678D21 /* Assets.xcassets */; };
		8A73553E28A5AF6500678D21 /* LaunchScreen.storyboard in Resources */ = {isa = PBXBuildFile; fileRef = 8A73553C28A5AF6500678D21 /* LaunchScreen.storyboard */; };
		8A73554A28A5B24700678D21 /* FirebaseAuth in Frameworks */ = {isa = PBXBuildFile; productRef = 8A73554928A5B24700678D21 /* FirebaseAuth */; };
		8A73554C28A5B24700678D21 /* FirebaseFirestore in Frameworks */ = {isa = PBXBuildFile; productRef = 8A73554B28A5B24700678D21 /* FirebaseFirestore */; };
		8A73554E28A5B30200678D21 /* GoogleService-Info.plist in Resources */ = {isa = PBXBuildFile; fileRef = 8A73554D28A5B30200678D21 /* GoogleService-Info.plist */; };
		8A73555028A5B39E00678D21 /* LoginViewController.swift in Sources */ = {isa = PBXBuildFile; fileRef = 8A73554F28A5B39E00678D21 /* LoginViewController.swift */; };
		8A73555228A5B3AB00678D21 /* RegisterViewController.swift in Sources */ = {isa = PBXBuildFile; fileRef = 8A73555128A5B3AB00678D21 /* RegisterViewController.swift */; };
		8A73555428A5B40400678D21 /* HomeViewController.swift in Sources */ = {isa = PBXBuildFile; fileRef = 8A73555328A5B40400678D21 /* HomeViewController.swift */; };
		8A73555B28AA806D00678D21 /* Constants.swift in Sources */ = {isa = PBXBuildFile; fileRef = 8A73555A28AA806D00678D21 /* Constants.swift */; };
		8A7813A228ABBD23004FED7F /* CatManager.swift in Sources */ = {isa = PBXBuildFile; fileRef = 8A7813A128ABBD23004FED7F /* CatManager.swift */; };
		8A7813A428ABC30F004FED7F /* TagViewController.swift in Sources */ = {isa = PBXBuildFile; fileRef = 8A7813A328ABC30F004FED7F /* TagViewController.swift */; };
		8A7813A628ABC329004FED7F /* TextViewController.swift in Sources */ = {isa = PBXBuildFile; fileRef = 8A7813A528ABC329004FED7F /* TextViewController.swift */; };
		8A7813A828ABC387004FED7F /* GifViewController.swift in Sources */ = {isa = PBXBuildFile; fileRef = 8A7813A728ABC387004FED7F /* GifViewController.swift */; };
/* End PBXBuildFile section */

/* Begin PBXFileReference section */
		33D81B51E259C67C756739FE /* Pods-caats_app.debug.xcconfig */ = {isa = PBXFileReference; includeInIndex = 1; lastKnownFileType = text.xcconfig; name = "Pods-caats_app.debug.xcconfig"; path = "Target Support Files/Pods-caats_app/Pods-caats_app.debug.xcconfig"; sourceTree = "<group>"; };
		784744C8FEC45DA53654C35A /* Pods_caats_app.framework */ = {isa = PBXFileReference; explicitFileType = wrapper.framework; includeInIndex = 0; path = Pods_caats_app.framework; sourceTree = BUILT_PRODUCTS_DIR; };
		8A73552E28A5AF6400678D21 /* caats_app.app */ = {isa = PBXFileReference; explicitFileType = wrapper.application; includeInIndex = 0; path = caats_app.app; sourceTree = BUILT_PRODUCTS_DIR; };
		8A73553128A5AF6400678D21 /* AppDelegate.swift */ = {isa = PBXFileReference; lastKnownFileType = sourcecode.swift; path = AppDelegate.swift; sourceTree = "<group>"; };
		8A73553328A5AF6400678D21 /* SceneDelegate.swift */ = {isa = PBXFileReference; lastKnownFileType = sourcecode.swift; path = SceneDelegate.swift; sourceTree = "<group>"; };
		8A73553528A5AF6400678D21 /* WelcomeViewController.swift */ = {isa = PBXFileReference; lastKnownFileType = sourcecode.swift; path = WelcomeViewController.swift; sourceTree = "<group>"; };
		8A73553828A5AF6400678D21 /* Base */ = {isa = PBXFileReference; lastKnownFileType = file.storyboard; name = Base; path = Base.lproj/Main.storyboard; sourceTree = "<group>"; };
		8A73553A28A5AF6500678D21 /* Assets.xcassets */ = {isa = PBXFileReference; lastKnownFileType = folder.assetcatalog; path = Assets.xcassets; sourceTree = "<group>"; };
		8A73553D28A5AF6500678D21 /* Base */ = {isa = PBXFileReference; lastKnownFileType = file.storyboard; name = Base; path = Base.lproj/LaunchScreen.storyboard; sourceTree = "<group>"; };
		8A73553F28A5AF6500678D21 /* Info.plist */ = {isa = PBXFileReference; lastKnownFileType = text.plist.xml; path = Info.plist; sourceTree = "<group>"; };
		8A73554D28A5B30200678D21 /* GoogleService-Info.plist */ = {isa = PBXFileReference; fileEncoding = 4; lastKnownFileType = text.plist.xml; path = "GoogleService-Info.plist"; sourceTree = "<group>"; };
		8A73554F28A5B39E00678D21 /* LoginViewController.swift */ = {isa = PBXFileReference; lastKnownFileType = sourcecode.swift; path = LoginViewController.swift; sourceTree = "<group>"; };
		8A73555128A5B3AB00678D21 /* RegisterViewController.swift */ = {isa = PBXFileReference; lastKnownFileType = sourcecode.swift; path = RegisterViewController.swift; sourceTree = "<group>"; };
		8A73555328A5B40400678D21 /* HomeViewController.swift */ = {isa = PBXFileReference; lastKnownFileType = sourcecode.swift; path = HomeViewController.swift; sourceTree = "<group>"; };
		8A73555A28AA806D00678D21 /* Constants.swift */ = {isa = PBXFileReference; lastKnownFileType = sourcecode.swift; path = Constants.swift; sourceTree = "<group>"; };
		8A7813A128ABBD23004FED7F /* CatManager.swift */ = {isa = PBXFileReference; lastKnownFileType = sourcecode.swift; path = CatManager.swift; sourceTree = "<group>"; };
		8A7813A328ABC30F004FED7F /* TagViewController.swift */ = {isa = PBXFileReference; lastKnownFileType = sourcecode.swift; path = TagViewController.swift; sourceTree = "<group>"; };
		8A7813A528ABC329004FED7F /* TextViewController.swift */ = {isa = PBXFileReference; lastKnownFileType = sourcecode.swift; path = TextViewController.swift; sourceTree = "<group>"; };
		8A7813A728ABC387004FED7F /* GifViewController.swift */ = {isa = PBXFileReference; lastKnownFileType = sourcecode.swift; path = GifViewController.swift; sourceTree = "<group>"; };
		EC7AEAA80BABE4DC8D735B63 /* Pods-caats_app.release.xcconfig */ = {isa = PBXFileReference; includeInIndex = 1; lastKnownFileType = text.xcconfig; name = "Pods-caats_app.release.xcconfig"; path = "Target Support Files/Pods-caats_app/Pods-caats_app.release.xcconfig"; sourceTree = "<group>"; };
/* End PBXFileReference section */

/* Begin PBXFrameworksBuildPhase section */
		8A73552B28A5AF6400678D21 /* Frameworks */ = {
			isa = PBXFrameworksBuildPhase;
			buildActionMask = 2147483647;
			files = (
				8A50DB5528AAE989001D792D /* MBProgressHUD in Frameworks */,
				45602A083EAC50310CB9B131 /* Pods_caats_app.framework in Frameworks */,
				8A73554A28A5B24700678D21 /* FirebaseAuth in Frameworks */,
				8A73554C28A5B24700678D21 /* FirebaseFirestore in Frameworks */,
			);
			runOnlyForDeploymentPostprocessing = 0;
		};
/* End PBXFrameworksBuildPhase section */

/* Begin PBXGroup section */
		1D2E9B439AF06D96C077967A /* Pods */ = {
			isa = PBXGroup;
			children = (
				33D81B51E259C67C756739FE /* Pods-caats_app.debug.xcconfig */,
				EC7AEAA80BABE4DC8D735B63 /* Pods-caats_app.release.xcconfig */,
			);
			path = Pods;
			sourceTree = "<group>";
		};
		2BB22939A7F758DB25B0E40A /* Frameworks */ = {
			isa = PBXGroup;
			children = (
				784744C8FEC45DA53654C35A /* Pods_caats_app.framework */,
			);
			name = Frameworks;
			sourceTree = "<group>";
		};
		8A73552528A5AF6400678D21 = {
			isa = PBXGroup;
			children = (
				8A73553028A5AF6400678D21 /* caats_app */,
				8A73552F28A5AF6400678D21 /* Products */,
				1D2E9B439AF06D96C077967A /* Pods */,
				2BB22939A7F758DB25B0E40A /* Frameworks */,
			);
			sourceTree = "<group>";
		};
		8A73552F28A5AF6400678D21 /* Products */ = {
			isa = PBXGroup;
			children = (
				8A73552E28A5AF6400678D21 /* caats_app.app */,
			);
			name = Products;
			sourceTree = "<group>";
		};
		8A73553028A5AF6400678D21 /* caats_app */ = {
			isa = PBXGroup;
			children = (
				8A73553128A5AF6400678D21 /* AppDelegate.swift */,
				8A73553328A5AF6400678D21 /* SceneDelegate.swift */,
				8A73556228AAC08D00678D21 /* Model */,
				8A73554628A5AF8700678D21 /* View */,
				8A73554728A5AF9E00678D21 /* Controller */,
				8A73555928AA805B00678D21 /* Utils */,
				8A73553A28A5AF6500678D21 /* Assets.xcassets */,
				8A73553F28A5AF6500678D21 /* Info.plist */,
				8A73554D28A5B30200678D21 /* GoogleService-Info.plist */,
			);
			path = caats_app;
			sourceTree = "<group>";
		};
		8A73554628A5AF8700678D21 /* View */ = {
			isa = PBXGroup;
			children = (
				8A73553728A5AF6400678D21 /* Main.storyboard */,
				8A73553C28A5AF6500678D21 /* LaunchScreen.storyboard */,
			);
			path = View;
			sourceTree = "<group>";
		};
		8A73554728A5AF9E00678D21 /* Controller */ = {
			isa = PBXGroup;
			children = (
				8A73553528A5AF6400678D21 /* WelcomeViewController.swift */,
				8A73554F28A5B39E00678D21 /* LoginViewController.swift */,
				8A73555128A5B3AB00678D21 /* RegisterViewController.swift */,
				8A7813A928ABC3B9004FED7F /* TabControllers */,
			);
			path = Controller;
			sourceTree = "<group>";
		};
		8A73555928AA805B00678D21 /* Utils */ = {
			isa = PBXGroup;
			children = (
				8A73555A28AA806D00678D21 /* Constants.swift */,
			);
			path = Utils;
			sourceTree = "<group>";
		};
		8A73556228AAC08D00678D21 /* Model */ = {
			isa = PBXGroup;
			children = (
				8A7813A128ABBD23004FED7F /* CatManager.swift */,
			);
			path = Model;
			sourceTree = "<group>";
		};
		8A7813A928ABC3B9004FED7F /* TabControllers */ = {
			isa = PBXGroup;
			children = (
				8A73555328A5B40400678D21 /* HomeViewController.swift */,
				8A7813A328ABC30F004FED7F /* TagViewController.swift */,
				8A7813A528ABC329004FED7F /* TextViewController.swift */,
				8A7813A728ABC387004FED7F /* GifViewController.swift */,
			);
			path = TabControllers;
			sourceTree = "<group>";
		};
/* End PBXGroup section */

/* Begin PBXNativeTarget section */
		8A73552D28A5AF6400678D21 /* caats_app */ = {
			isa = PBXNativeTarget;
			buildConfigurationList = 8A73554228A5AF6500678D21 /* Build configuration list for PBXNativeTarget "caats_app" */;
			buildPhases = (
				B1F8B270B6794A2FAD4696DB /* [CP] Check Pods Manifest.lock */,
				8A73552A28A5AF6400678D21 /* Sources */,
				8A73552B28A5AF6400678D21 /* Frameworks */,
				8A73552C28A5AF6400678D21 /* Resources */,
				18408BF69BEE19EB28CE8259 /* [CP] Embed Pods Frameworks */,
			);
			buildRules = (
			);
			dependencies = (
			);
			name = caats_app;
			packageProductDependencies = (
				8A73554928A5B24700678D21 /* FirebaseAuth */,
				8A73554B28A5B24700678D21 /* FirebaseFirestore */,
				8A50DB5428AAE989001D792D /* MBProgressHUD */,
			);
			productName = caats_app;
			productReference = 8A73552E28A5AF6400678D21 /* caats_app.app */;
			productType = "com.apple.product-type.application";
		};
/* End PBXNativeTarget section */

/* Begin PBXProject section */
		8A73552628A5AF6400678D21 /* Project object */ = {
			isa = PBXProject;
			attributes = {
				BuildIndependentTargetsInParallel = 1;
				LastSwiftUpdateCheck = 1340;
				LastUpgradeCheck = 1340;
				TargetAttributes = {
					8A73552D28A5AF6400678D21 = {
						CreatedOnToolsVersion = 13.4.1;
					};
				};
			};
			buildConfigurationList = 8A73552928A5AF6400678D21 /* Build configuration list for PBXProject "caats_app" */;
			compatibilityVersion = "Xcode 13.0";
			developmentRegion = en;
			hasScannedForEncodings = 0;
			knownRegions = (
				en,
				Base,
			);
			mainGroup = 8A73552528A5AF6400678D21;
			packageReferences = (
				8A73554828A5B24700678D21 /* XCRemoteSwiftPackageReference "firebase-ios-sdk" */,
				8A50DB5328AAE989001D792D /* XCRemoteSwiftPackageReference "MBProgressHUD" */,
			);
			productRefGroup = 8A73552F28A5AF6400678D21 /* Products */;
			projectDirPath = "";
			projectRoot = "";
			targets = (
				8A73552D28A5AF6400678D21 /* caats_app */,
			);
		};
/* End PBXProject section */

/* Begin PBXResourcesBuildPhase section */
		8A73552C28A5AF6400678D21 /* Resources */ = {
			isa = PBXResourcesBuildPhase;
			buildActionMask = 2147483647;
			files = (
				8A73553E28A5AF6500678D21 /* LaunchScreen.storyboard in Resources */,
				8A73554E28A5B30200678D21 /* GoogleService-Info.plist in Resources */,
				8A73553B28A5AF6500678D21 /* Assets.xcassets in Resources */,
				8A73553928A5AF6400678D21 /* Main.storyboard in Resources */,
			);
			runOnlyForDeploymentPostprocessing = 0;
		};
/* End PBXResourcesBuildPhase section */

/* Begin PBXShellScriptBuildPhase section */
		18408BF69BEE19EB28CE8259 /* [CP] Embed Pods Frameworks */ = {
			isa = PBXShellScriptBuildPhase;
			buildActionMask = 2147483647;
			files = (
			);
			inputFileListPaths = (
				"${PODS_ROOT}/Target Support Files/Pods-caats_app/Pods-caats_app-frameworks-${CONFIGURATION}-input-files.xcfilelist",
			);
			name = "[CP] Embed Pods Frameworks";
			outputFileListPaths = (
				"${PODS_ROOT}/Target Support Files/Pods-caats_app/Pods-caats_app-frameworks-${CONFIGURATION}-output-files.xcfilelist",
			);
			runOnlyForDeploymentPostprocessing = 0;
			shellPath = /bin/sh;
			shellScript = "\"${PODS_ROOT}/Target Support Files/Pods-caats_app/Pods-caats_app-frameworks.sh\"\n";
			showEnvVarsInLog = 0;
		};
		B1F8B270B6794A2FAD4696DB /* [CP] Check Pods Manifest.lock */ = {
			isa = PBXShellScriptBuildPhase;
			buildActionMask = 2147483647;
			files = (
			);
			inputFileListPaths = (
			);
			inputPaths = (
				"${PODS_PODFILE_DIR_PATH}/Podfile.lock",
				"${PODS_ROOT}/Manifest.lock",
			);
			name = "[CP] Check Pods Manifest.lock";
			outputFileListPaths = (
			);
			outputPaths = (
				"$(DERIVED_FILE_DIR)/Pods-caats_app-checkManifestLockResult.txt",
			);
			runOnlyForDeploymentPostprocessing = 0;
			shellPath = /bin/sh;
			shellScript = "diff \"${PODS_PODFILE_DIR_PATH}/Podfile.lock\" \"${PODS_ROOT}/Manifest.lock\" > /dev/null\nif [ $? != 0 ] ; then\n    # print error to STDERR\n    echo \"error: The sandbox is not in sync with the Podfile.lock. Run 'pod install' or update your CocoaPods installation.\" >&2\n    exit 1\nfi\n# This output is used by Xcode 'outputs' to avoid re-running this script phase.\necho \"SUCCESS\" > \"${SCRIPT_OUTPUT_FILE_0}\"\n";
			showEnvVarsInLog = 0;
		};
/* End PBXShellScriptBuildPhase section */

/* Begin PBXSourcesBuildPhase section */
		8A73552A28A5AF6400678D21 /* Sources */ = {
			isa = PBXSourcesBuildPhase;
			buildActionMask = 2147483647;
			files = (
				8A73555028A5B39E00678D21 /* LoginViewController.swift in Sources */,
				8A73555228A5B3AB00678D21 /* RegisterViewController.swift in Sources */,
				8A73553628A5AF6400678D21 /* WelcomeViewController.swift in Sources */,
				8A73553228A5AF6400678D21 /* AppDelegate.swift in Sources */,
				8A73555B28AA806D00678D21 /* Constants.swift in Sources */,
				8A7813A628ABC329004FED7F /* TextViewController.swift in Sources */,
				8A7813A828ABC387004FED7F /* GifViewController.swift in Sources */,
				8A73553428A5AF6400678D21 /* SceneDelegate.swift in Sources */,
				8A7813A428ABC30F004FED7F /* TagViewController.swift in Sources */,
				8A7813A228ABBD23004FED7F /* CatManager.swift in Sources */,
				8A73555428A5B40400678D21 /* HomeViewController.swift in Sources */,
			);
			runOnlyForDeploymentPostprocessing = 0;
		};
/* End PBXSourcesBuildPhase section */

/* Begin PBXVariantGroup section */
		8A73553728A5AF6400678D21 /* Main.storyboard */ = {
			isa = PBXVariantGroup;
			children = (
				8A73553828A5AF6400678D21 /* Base */,
			);
			name = Main.storyboard;
			sourceTree = "<group>";
		};
		8A73553C28A5AF6500678D21 /* LaunchScreen.storyboard */ = {
			isa = PBXVariantGroup;
			children = (
				8A73553D28A5AF6500678D21 /* Base */,
			);
			name = LaunchScreen.storyboard;
			sourceTree = "<group>";
		};
/* End PBXVariantGroup section */

/* Begin XCBuildConfiguration section */
		8A73554028A5AF6500678D21 /* Debug */ = {
			isa = XCBuildConfiguration;
			buildSettings = {
				ALWAYS_SEARCH_USER_PATHS = NO;
				CLANG_ANALYZER_NONNULL = YES;
				CLANG_ANALYZER_NUMBER_OBJECT_CONVERSION = YES_AGGRESSIVE;
				CLANG_CXX_LANGUAGE_STANDARD = "gnu++17";
				CLANG_ENABLE_MODULES = YES;
				CLANG_ENABLE_OBJC_ARC = YES;
				CLANG_ENABLE_OBJC_WEAK = YES;
				CLANG_WARN_BLOCK_CAPTURE_AUTORELEASING = YES;
				CLANG_WARN_BOOL_CONVERSION = YES;
				CLANG_WARN_COMMA = YES;
				CLANG_WARN_CONSTANT_CONVERSION = YES;
				CLANG_WARN_DEPRECATED_OBJC_IMPLEMENTATIONS = YES;
				CLANG_WARN_DIRECT_OBJC_ISA_USAGE = YES_ERROR;
				CLANG_WARN_DOCUMENTATION_COMMENTS = YES;
				CLANG_WARN_EMPTY_BODY = YES;
				CLANG_WARN_ENUM_CONVERSION = YES;
				CLANG_WARN_INFINITE_RECURSION = YES;
				CLANG_WARN_INT_CONVERSION = YES;
				CLANG_WARN_NON_LITERAL_NULL_CONVERSION = YES;
				CLANG_WARN_OBJC_IMPLICIT_RETAIN_SELF = YES;
				CLANG_WARN_OBJC_LITERAL_CONVERSION = YES;
				CLANG_WARN_OBJC_ROOT_CLASS = YES_ERROR;
				CLANG_WARN_QUOTED_INCLUDE_IN_FRAMEWORK_HEADER = YES;
				CLANG_WARN_RANGE_LOOP_ANALYSIS = YES;
				CLANG_WARN_STRICT_PROTOTYPES = YES;
				CLANG_WARN_SUSPICIOUS_MOVE = YES;
				CLANG_WARN_UNGUARDED_AVAILABILITY = YES_AGGRESSIVE;
				CLANG_WARN_UNREACHABLE_CODE = YES;
				CLANG_WARN__DUPLICATE_METHOD_MATCH = YES;
				COPY_PHASE_STRIP = NO;
				DEBUG_INFORMATION_FORMAT = dwarf;
				ENABLE_STRICT_OBJC_MSGSEND = YES;
				ENABLE_TESTABILITY = YES;
				GCC_C_LANGUAGE_STANDARD = gnu11;
				GCC_DYNAMIC_NO_PIC = NO;
				GCC_NO_COMMON_BLOCKS = YES;
				GCC_OPTIMIZATION_LEVEL = 0;
				GCC_PREPROCESSOR_DEFINITIONS = (
					"DEBUG=1",
					"$(inherited)",
				);
				GCC_WARN_64_TO_32_BIT_CONVERSION = YES;
				GCC_WARN_ABOUT_RETURN_TYPE = YES_ERROR;
				GCC_WARN_UNDECLARED_SELECTOR = YES;
				GCC_WARN_UNINITIALIZED_AUTOS = YES_AGGRESSIVE;
				GCC_WARN_UNUSED_FUNCTION = YES;
				GCC_WARN_UNUSED_VARIABLE = YES;
				IPHONEOS_DEPLOYMENT_TARGET = 15.5;
				MTL_ENABLE_DEBUG_INFO = INCLUDE_SOURCE;
				MTL_FAST_MATH = YES;
				ONLY_ACTIVE_ARCH = YES;
				SDKROOT = iphoneos;
				SWIFT_ACTIVE_COMPILATION_CONDITIONS = DEBUG;
				SWIFT_OPTIMIZATION_LEVEL = "-Onone";
			};
			name = Debug;
		};
		8A73554128A5AF6500678D21 /* Release */ = {
			isa = XCBuildConfiguration;
			buildSettings = {
				ALWAYS_SEARCH_USER_PATHS = NO;
				CLANG_ANALYZER_NONNULL = YES;
				CLANG_ANALYZER_NUMBER_OBJECT_CONVERSION = YES_AGGRESSIVE;
				CLANG_CXX_LANGUAGE_STANDARD = "gnu++17";
				CLANG_ENABLE_MODULES = YES;
				CLANG_ENABLE_OBJC_ARC = YES;
				CLANG_ENABLE_OBJC_WEAK = YES;
				CLANG_WARN_BLOCK_CAPTURE_AUTORELEASING = YES;
				CLANG_WARN_BOOL_CONVERSION = YES;
				CLANG_WARN_COMMA = YES;
				CLANG_WARN_CONSTANT_CONVERSION = YES;
				CLANG_WARN_DEPRECATED_OBJC_IMPLEMENTATIONS = YES;
				CLANG_WARN_DIRECT_OBJC_ISA_USAGE = YES_ERROR;
				CLANG_WARN_DOCUMENTATION_COMMENTS = YES;
				CLANG_WARN_EMPTY_BODY = YES;
				CLANG_WARN_ENUM_CONVERSION = YES;
				CLANG_WARN_INFINITE_RECURSION = YES;
				CLANG_WARN_INT_CONVERSION = YES;
				CLANG_WARN_NON_LITERAL_NULL_CONVERSION = YES;
				CLANG_WARN_OBJC_IMPLICIT_RETAIN_SELF = YES;
				CLANG_WARN_OBJC_LITERAL_CONVERSION = YES;
				CLANG_WARN_OBJC_ROOT_CLASS = YES_ERROR;
				CLANG_WARN_QUOTED_INCLUDE_IN_FRAMEWORK_HEADER = YES;
				CLANG_WARN_RANGE_LOOP_ANALYSIS = YES;
				CLANG_WARN_STRICT_PROTOTYPES = YES;
				CLANG_WARN_SUSPICIOUS_MOVE = YES;
				CLANG_WARN_UNGUARDED_AVAILABILITY = YES_AGGRESSIVE;
				CLANG_WARN_UNREACHABLE_CODE = YES;
				CLANG_WARN__DUPLICATE_METHOD_MATCH = YES;
				COPY_PHASE_STRIP = NO;
				DEBUG_INFORMATION_FORMAT = "dwarf-with-dsym";
				ENABLE_NS_ASSERTIONS = NO;
				ENABLE_STRICT_OBJC_MSGSEND = YES;
				GCC_C_LANGUAGE_STANDARD = gnu11;
				GCC_NO_COMMON_BLOCKS = YES;
				GCC_WARN_64_TO_32_BIT_CONVERSION = YES;
				GCC_WARN_ABOUT_RETURN_TYPE = YES_ERROR;
				GCC_WARN_UNDECLARED_SELECTOR = YES;
				GCC_WARN_UNINITIALIZED_AUTOS = YES_AGGRESSIVE;
				GCC_WARN_UNUSED_FUNCTION = YES;
				GCC_WARN_UNUSED_VARIABLE = YES;
				IPHONEOS_DEPLOYMENT_TARGET = 15.5;
				MTL_ENABLE_DEBUG_INFO = NO;
				MTL_FAST_MATH = YES;
				SDKROOT = iphoneos;
				SWIFT_COMPILATION_MODE = wholemodule;
				SWIFT_OPTIMIZATION_LEVEL = "-O";
				VALIDATE_PRODUCT = YES;
			};
			name = Release;
		};
		8A73554328A5AF6500678D21 /* Debug */ = {
			isa = XCBuildConfiguration;
			baseConfigurationReference = 33D81B51E259C67C756739FE /* Pods-caats_app.debug.xcconfig */;
			buildSettings = {
				ASSETCATALOG_COMPILER_APPICON_NAME = AppIcon;
				ASSETCATALOG_COMPILER_GLOBAL_ACCENT_COLOR_NAME = AccentColor;
				CODE_SIGN_STYLE = Automatic;
				CURRENT_PROJECT_VERSION = 1;
				DEVELOPMENT_TEAM = P2J629LV45;
				GENERATE_INFOPLIST_FILE = YES;
				INFOPLIST_FILE = caats_app/Info.plist;
				INFOPLIST_KEY_CFBundleDisplayName = Caats;
				INFOPLIST_KEY_UIApplicationSupportsIndirectInputEvents = YES;
				INFOPLIST_KEY_UILaunchStoryboardName = LaunchScreen;
				INFOPLIST_KEY_UIMainStoryboardFile = Main;
				INFOPLIST_KEY_UISupportedInterfaceOrientations_iPad = "UIInterfaceOrientationPortrait UIInterfaceOrientationPortraitUpsideDown UIInterfaceOrientationLandscapeLeft UIInterfaceOrientationLandscapeRight";
				INFOPLIST_KEY_UISupportedInterfaceOrientations_iPhone = "UIInterfaceOrientationPortrait UIInterfaceOrientationLandscapeLeft UIInterfaceOrientationLandscapeRight";
				LD_RUNPATH_SEARCH_PATHS = (
					"$(inherited)",
					"@executable_path/Frameworks",
				);
				MARKETING_VERSION = 1.0;
				PRODUCT_BUNDLE_IDENTIFIER = "com.iuryvasconcelos.caats-app";
				PRODUCT_NAME = "$(TARGET_NAME)";
				SWIFT_EMIT_LOC_STRINGS = YES;
				SWIFT_VERSION = 5.0;
				TARGETED_DEVICE_FAMILY = "1,2";
			};
			name = Debug;
		};
		8A73554428A5AF6500678D21 /* Release */ = {
			isa = XCBuildConfiguration;
			baseConfigurationReference = EC7AEAA80BABE4DC8D735B63 /* Pods-caats_app.release.xcconfig */;
			buildSettings = {
				ASSETCATALOG_COMPILER_APPICON_NAME = AppIcon;
				ASSETCATALOG_COMPILER_GLOBAL_ACCENT_COLOR_NAME = AccentColor;
				CODE_SIGN_STYLE = Automatic;
				CURRENT_PROJECT_VERSION = 1;
				DEVELOPMENT_TEAM = P2J629LV45;
				GENERATE_INFOPLIST_FILE = YES;
				INFOPLIST_FILE = caats_app/Info.plist;
				INFOPLIST_KEY_CFBundleDisplayName = Caats;
				INFOPLIST_KEY_UIApplicationSupportsIndirectInputEvents = YES;
				INFOPLIST_KEY_UILaunchStoryboardName = LaunchScreen;
				INFOPLIST_KEY_UIMainStoryboardFile = Main;
				INFOPLIST_KEY_UISupportedInterfaceOrientations_iPad = "UIInterfaceOrientationPortrait UIInterfaceOrientationPortraitUpsideDown UIInterfaceOrientationLandscapeLeft UIInterfaceOrientationLandscapeRight";
				INFOPLIST_KEY_UISupportedInterfaceOrientations_iPhone = "UIInterfaceOrientationPortrait UIInterfaceOrientationLandscapeLeft UIInterfaceOrientationLandscapeRight";
				LD_RUNPATH_SEARCH_PATHS = (
					"$(inherited)",
					"@executable_path/Frameworks",
				);
				MARKETING_VERSION = 1.0;
				PRODUCT_BUNDLE_IDENTIFIER = "com.iuryvasconcelos.caats-app";
				PRODUCT_NAME = "$(TARGET_NAME)";
				SWIFT_EMIT_LOC_STRINGS = YES;
				SWIFT_VERSION = 5.0;
				TARGETED_DEVICE_FAMILY = "1,2";
			};
			name = Release;
		};
/* End XCBuildConfiguration section */

/* Begin XCConfigurationList section */
		8A73552928A5AF6400678D21 /* Build configuration list for PBXProject "caats_app" */ = {
			isa = XCConfigurationList;
			buildConfigurations = (
				8A73554028A5AF6500678D21 /* Debug */,
				8A73554128A5AF6500678D21 /* Release */,
			);
			defaultConfigurationIsVisible = 0;
			defaultConfigurationName = Release;
		};
		8A73554228A5AF6500678D21 /* Build configuration list for PBXNativeTarget "caats_app" */ = {
			isa = XCConfigurationList;
			buildConfigurations = (
				8A73554328A5AF6500678D21 /* Debug */,
				8A73554428A5AF6500678D21 /* Release */,
			);
			defaultConfigurationIsVisible = 0;
			defaultConfigurationName = Release;
		};
/* End XCConfigurationList section */

/* Begin XCRemoteSwiftPackageReference section */
		8A50DB5328AAE989001D792D /* XCRemoteSwiftPackageReference "MBProgressHUD" */ = {
			isa = XCRemoteSwiftPackageReference;
			repositoryURL = "https://github.com/jdg/MBProgressHUD.git";
			requirement = {
				kind = upToNextMajorVersion;
				minimumVersion = 1.2.0;
			};
		};
		8A73554828A5B24700678D21 /* XCRemoteSwiftPackageReference "firebase-ios-sdk" */ = {
			isa = XCRemoteSwiftPackageReference;
			repositoryURL = "https://github.com/firebase/firebase-ios-sdk";
			requirement = {
				kind = upToNextMajorVersion;
				minimumVersion = 9.0.0;
			};
		};
/* End XCRemoteSwiftPackageReference section */

/* Begin XCSwiftPackageProductDependency section */
		8A50DB5428AAE989001D792D /* MBProgressHUD */ = {
			isa = XCSwiftPackageProductDependency;
			package = 8A50DB5328AAE989001D792D /* XCRemoteSwiftPackageReference "MBProgressHUD" */;
			productName = MBProgressHUD;
		};
		8A73554928A5B24700678D21 /* FirebaseAuth */ = {
			isa = XCSwiftPackageProductDependency;
			package = 8A73554828A5B24700678D21 /* XCRemoteSwiftPackageReference "firebase-ios-sdk" */;
			productName = FirebaseAuth;
		};
		8A73554B28A5B24700678D21 /* FirebaseFirestore */ = {
			isa = XCSwiftPackageProductDependency;
			package = 8A73554828A5B24700678D21 /* XCRemoteSwiftPackageReference "firebase-ios-sdk" */;
			productName = FirebaseFirestore;
		};
/* End XCSwiftPackageProductDependency section */
	};
	rootObject = 8A73552628A5AF6400678D21 /* Project object */;
}
